// !$*UTF8*$!
{
	archiveVersion = 1;
	classes = {
	};
	objectVersion = 56;
	objects = {

/* Begin PBXBuildFile section */
		EFBC886028EA1860004B13F3 /* RegisterView.swift in Sources */ = {isa = PBXBuildFile; fileRef = EFBC885F28EA1860004B13F3 /* RegisterView.swift */; };
		EFBC886328EAC213004B13F3 /* User.swift in Sources */ = {isa = PBXBuildFile; fileRef = EFBC886228EAC213004B13F3 /* User.swift */; };
		EFF91D3928E974B400D11A60 /* MedicalSystemApp.swift in Sources */ = {isa = PBXBuildFile; fileRef = EFF91D3828E974B400D11A60 /* MedicalSystemApp.swift */; };
		EFF91D3B28E974B400D11A60 /* ContentView.swift in Sources */ = {isa = PBXBuildFile; fileRef = EFF91D3A28E974B400D11A60 /* ContentView.swift */; };
		EFF91D3D28E974B500D11A60 /* Assets.xcassets in Resources */ = {isa = PBXBuildFile; fileRef = EFF91D3C28E974B500D11A60 /* Assets.xcassets */; };
		EFF91D4028E974B500D11A60 /* Preview Assets.xcassets in Resources */ = {isa = PBXBuildFile; fileRef = EFF91D3F28E974B500D11A60 /* Preview Assets.xcassets */; };
		EFF91D4228E974B500D11A60 /* Persistence.swift in Sources */ = {isa = PBXBuildFile; fileRef = EFF91D4128E974B500D11A60 /* Persistence.swift */; };
		EFF91D4528E974B500D11A60 /* MedicalSystem.xcdatamodeld in Sources */ = {isa = PBXBuildFile; fileRef = EFF91D4328E974B500D11A60 /* MedicalSystem.xcdatamodeld */; };
		EFF91D4C28E9752400D11A60 /* LoginView.swift in Sources */ = {isa = PBXBuildFile; fileRef = EFF91D4B28E9752400D11A60 /* LoginView.swift */; };
/* End PBXBuildFile section */

/* Begin PBXFileReference section */
		EFBC885F28EA1860004B13F3 /* RegisterView.swift */ = {isa = PBXFileReference; lastKnownFileType = sourcecode.swift; path = RegisterView.swift; sourceTree = "<group>"; };
		EFBC886228EAC213004B13F3 /* User.swift */ = {isa = PBXFileReference; lastKnownFileType = sourcecode.swift; path = User.swift; sourceTree = "<group>"; };
		EFF91D3528E974B400D11A60 /* MedicalSystem.app */ = {isa = PBXFileReference; explicitFileType = wrapper.application; includeInIndex = 0; path = MedicalSystem.app; sourceTree = BUILT_PRODUCTS_DIR; };
		EFF91D3828E974B400D11A60 /* MedicalSystemApp.swift */ = {isa = PBXFileReference; lastKnownFileType = sourcecode.swift; path = MedicalSystemApp.swift; sourceTree = "<group>"; };
		EFF91D3A28E974B400D11A60 /* ContentView.swift */ = {isa = PBXFileReference; lastKnownFileType = sourcecode.swift; path = ContentView.swift; sourceTree = "<group>"; };
		EFF91D3C28E974B500D11A60 /* Assets.xcassets */ = {isa = PBXFileReference; lastKnownFileType = folder.assetcatalog; path = Assets.xcassets; sourceTree = "<group>"; };
		EFF91D3F28E974B500D11A60 /* Preview Assets.xcassets */ = {isa = PBXFileReference; lastKnownFileType = folder.assetcatalog; path = "Preview Assets.xcassets"; sourceTree = "<group>"; };
		EFF91D4128E974B500D11A60 /* Persistence.swift */ = {isa = PBXFileReference; lastKnownFileType = sourcecode.swift; path = Persistence.swift; sourceTree = "<group>"; };
		EFF91D4428E974B500D11A60 /* MedicalSystem.xcdatamodel */ = {isa = PBXFileReference; lastKnownFileType = wrapper.xcdatamodel; path = MedicalSystem.xcdatamodel; sourceTree = "<group>"; };
		EFF91D4B28E9752400D11A60 /* LoginView.swift */ = {isa = PBXFileReference; lastKnownFileType = sourcecode.swift; path = LoginView.swift; sourceTree = "<group>"; };
/* End PBXFileReference section */

/* Begin PBXFrameworksBuildPhase section */
		EFF91D3228E974B400D11A60 /* Frameworks */ = {
			isa = PBXFrameworksBuildPhase;
			buildActionMask = 2147483647;
			files = (
			);
			runOnlyForDeploymentPostprocessing = 0;
		};
/* End PBXFrameworksBuildPhase section */

/* Begin PBXGroup section */
		EFBC886128EAC1D5004B13F3 /* Models */ = {
			isa = PBXGroup;
			children = (
				EFBC886228EAC213004B13F3 /* User.swift */,
			);
			path = Models;
			sourceTree = "<group>";
		};
		EFF91D2C28E974B400D11A60 = {
			isa = PBXGroup;
			children = (
				EFF91D3728E974B400D11A60 /* MedicalSystem */,
				EFF91D3628E974B400D11A60 /* Products */,
			);
			sourceTree = "<group>";
		};
		EFF91D3628E974B400D11A60 /* Products */ = {
			isa = PBXGroup;
			children = (
				EFF91D3528E974B400D11A60 /* MedicalSystem.app */,
			);
			name = Products;
			sourceTree = "<group>";
		};
		EFF91D3728E974B400D11A60 /* MedicalSystem */ = {
			isa = PBXGroup;
			children = (
				EFBC886128EAC1D5004B13F3 /* Models */,
				EFF91D3828E974B400D11A60 /* MedicalSystemApp.swift */,
				EFF91D3A28E974B400D11A60 /* ContentView.swift */,
				EFF91D3C28E974B500D11A60 /* Assets.xcassets */,
				EFF91D4128E974B500D11A60 /* Persistence.swift */,
				EFF91D4B28E9752400D11A60 /* LoginView.swift */,
				EFBC885F28EA1860004B13F3 /* RegisterView.swift */,
				EFF91D4328E974B500D11A60 /* MedicalSystem.xcdatamodeld */,
				EFF91D3E28E974B500D11A60 /* Preview Content */,
			);
			path = MedicalSystem;
			sourceTree = "<group>";
		};
		EFF91D3E28E974B500D11A60 /* Preview Content */ = {
			isa = PBXGroup;
			children = (
				EFF91D3F28E974B500D11A60 /* Preview Assets.xcassets */,
			);
			path = "Preview Content";
			sourceTree = "<group>";
		};
/* End PBXGroup section */

/* Begin PBXNativeTarget section */
		EFF91D3428E974B400D11A60 /* MedicalSystem */ = {
			isa = PBXNativeTarget;
			buildConfigurationList = EFF91D4828E974B500D11A60 /* Build configuration list for PBXNativeTarget "MedicalSystem" */;
			buildPhases = (
				EFF91D3128E974B400D11A60 /* Sources */,
				EFF91D3228E974B400D11A60 /* Frameworks */,
				EFF91D3328E974B400D11A60 /* Resources */,
			);
			buildRules = (
			);
			dependencies = (
			);
			name = MedicalSystem;
			productName = MedicalSystem;
			productReference = EFF91D3528E974B400D11A60 /* MedicalSystem.app */;
			productType = "com.apple.product-type.application";
		};
/* End PBXNativeTarget section */

/* Begin PBXProject section */
		EFF91D2D28E974B400D11A60 /* Project object */ = {
			isa = PBXProject;
			attributes = {
				BuildIndependentTargetsInParallel = 1;
				LastSwiftUpdateCheck = 1400;
				LastUpgradeCheck = 1400;
				TargetAttributes = {
					EFF91D3428E974B400D11A60 = {
						CreatedOnToolsVersion = 14.0;
					};
				};
			};
			buildConfigurationList = EFF91D3028E974B400D11A60 /* Build configuration list for PBXProject "MedicalSystem" */;
			compatibilityVersion = "Xcode 14.0";
			developmentRegion = en;
			hasScannedForEncodings = 0;
			knownRegions = (
				en,
				Base,
			);
			mainGroup = EFF91D2C28E974B400D11A60;
			productRefGroup = EFF91D3628E974B400D11A60 /* Products */;
			projectDirPath = "";
			projectRoot = "";
			targets = (
				EFF91D3428E974B400D11A60 /* MedicalSystem */,
			);
		};
/* End PBXProject section */

/* Begin PBXResourcesBuildPhase section */
		EFF91D3328E974B400D11A60 /* Resources */ = {
			isa = PBXResourcesBuildPhase;
			buildActionMask = 2147483647;
			files = (
				EFF91D4028E974B500D11A60 /* Preview Assets.xcassets in Resources */,
				EFF91D3D28E974B500D11A60 /* Assets.xcassets in Resources */,
			);
			runOnlyForDeploymentPostprocessing = 0;
		};
/* End PBXResourcesBuildPhase section */

/* Begin PBXSourcesBuildPhase section */
		EFF91D3128E974B400D11A60 /* Sources */ = {
			isa = PBXSourcesBuildPhase;
			buildActionMask = 2147483647;
			files = (
				EFF91D4228E974B500D11A60 /* Persistence.swift in Sources */,
				EFF91D3B28E974B400D11A60 /* ContentView.swift in Sources */,
				EFF91D4528E974B500D11A60 /* MedicalSystem.xcdatamodeld in Sources */,
				EFBC886028EA1860004B13F3 /* RegisterView.swift in Sources */,
				EFF91D4C28E9752400D11A60 /* LoginView.swift in Sources */,
				EFF91D3928E974B400D11A60 /* MedicalSystemApp.swift in Sources */,
				EFBC886328EAC213004B13F3 /* User.swift in Sources */,
			);
			runOnlyForDeploymentPostprocessing = 0;
		};
/* End PBXSourcesBuildPhase section */

/* Begin XCBuildConfiguration section */
		EFF91D4628E974B500D11A60 /* Debug */ = {
			isa = XCBuildConfiguration;
			buildSettings = {
				ALWAYS_SEARCH_USER_PATHS = NO;
				CLANG_ANALYZER_NONNULL = YES;
				CLANG_ANALYZER_NUMBER_OBJECT_CONVERSION = YES_AGGRESSIVE;
				CLANG_CXX_LANGUAGE_STANDARD = "gnu++20";
				CLANG_ENABLE_MODULES = YES;
				CLANG_ENABLE_OBJC_ARC = YES;
				CLANG_ENABLE_OBJC_WEAK = YES;
				CLANG_WARN_BLOCK_CAPTURE_AUTORELEASING = YES;
				CLANG_WARN_BOOL_CONVERSION = YES;
				CLANG_WARN_COMMA = YES;
				CLANG_WARN_CONSTANT_CONVERSION = YES;
				CLANG_WARN_DEPRECATED_OBJC_IMPLEMENTATIONS = YES;
				CLANG_WARN_DIRECT_OBJC_ISA_USAGE = YES_ERROR;
				CLANG_WARN_DOCUMENTATION_COMMENTS = YES;
				CLANG_WARN_EMPTY_BODY = YES;
				CLANG_WARN_ENUM_CONVERSION = YES;
				CLANG_WARN_INFINITE_RECURSION = YES;
				CLANG_WARN_INT_CONVERSION = YES;
				CLANG_WARN_NON_LITERAL_NULL_CONVERSION = YES;
				CLANG_WARN_OBJC_IMPLICIT_RETAIN_SELF = YES;
				CLANG_WARN_OBJC_LITERAL_CONVERSION = YES;
				CLANG_WARN_OBJC_ROOT_CLASS = YES_ERROR;
				CLANG_WARN_QUOTED_INCLUDE_IN_FRAMEWORK_HEADER = YES;
				CLANG_WARN_RANGE_LOOP_ANALYSIS = YES;
				CLANG_WARN_STRICT_PROTOTYPES = YES;
				CLANG_WARN_SUSPICIOUS_MOVE = YES;
				CLANG_WARN_UNGUARDED_AVAILABILITY = YES_AGGRESSIVE;
				CLANG_WARN_UNREACHABLE_CODE = YES;
				CLANG_WARN__DUPLICATE_METHOD_MATCH = YES;
				COPY_PHASE_STRIP = NO;
				DEBUG_INFORMATION_FORMAT = dwarf;
				ENABLE_STRICT_OBJC_MSGSEND = YES;
				ENABLE_TESTABILITY = YES;
				GCC_C_LANGUAGE_STANDARD = gnu11;
				GCC_DYNAMIC_NO_PIC = NO;
				GCC_NO_COMMON_BLOCKS = YES;
				GCC_OPTIMIZATION_LEVEL = 0;
				GCC_PREPROCESSOR_DEFINITIONS = (
					"DEBUG=1",
					"$(inherited)",
				);
				GCC_WARN_64_TO_32_BIT_CONVERSION = YES;
				GCC_WARN_ABOUT_RETURN_TYPE = YES_ERROR;
				GCC_WARN_UNDECLARED_SELECTOR = YES;
				GCC_WARN_UNINITIALIZED_AUTOS = YES_AGGRESSIVE;
				GCC_WARN_UNUSED_FUNCTION = YES;
				GCC_WARN_UNUSED_VARIABLE = YES;
				IPHONEOS_DEPLOYMENT_TARGET = 16.0;
				MTL_ENABLE_DEBUG_INFO = INCLUDE_SOURCE;
				MTL_FAST_MATH = YES;
				ONLY_ACTIVE_ARCH = YES;
				SDKROOT = iphoneos;
				SWIFT_ACTIVE_COMPILATION_CONDITIONS = DEBUG;
				SWIFT_OPTIMIZATION_LEVEL = "-Onone";
			};
			name = Debug;
		};
		EFF91D4728E974B500D11A60 /* Release */ = {
			isa = XCBuildConfiguration;
			buildSettings = {
				ALWAYS_SEARCH_USER_PATHS = NO;
				CLANG_ANALYZER_NONNULL = YES;
				CLANG_ANALYZER_NUMBER_OBJECT_CONVERSION = YES_AGGRESSIVE;
				CLANG_CXX_LANGUAGE_STANDARD = "gnu++20";
				CLANG_ENABLE_MODULES = YES;
				CLANG_ENABLE_OBJC_ARC = YES;
				CLANG_ENABLE_OBJC_WEAK = YES;
				CLANG_WARN_BLOCK_CAPTURE_AUTORELEASING = YES;
				CLANG_WARN_BOOL_CONVERSION = YES;
				CLANG_WARN_COMMA = YES;
				CLANG_WARN_CONSTANT_CONVERSION = YES;
				CLANG_WARN_DEPRECATED_OBJC_IMPLEMENTATIONS = YES;
				CLANG_WARN_DIRECT_OBJC_ISA_USAGE = YES_ERROR;
				CLANG_WARN_DOCUMENTATION_COMMENTS = YES;
				CLANG_WARN_EMPTY_BODY = YES;
				CLANG_WARN_ENUM_CONVERSION = YES;
				CLANG_WARN_INFINITE_RECURSION = YES;
				CLANG_WARN_INT_CONVERSION = YES;
				CLANG_WARN_NON_LITERAL_NULL_CONVERSION = YES;
				CLANG_WARN_OBJC_IMPLICIT_RETAIN_SELF = YES;
				CLANG_WARN_OBJC_LITERAL_CONVERSION = YES;
				CLANG_WARN_OBJC_ROOT_CLASS = YES_ERROR;
				CLANG_WARN_QUOTED_INCLUDE_IN_FRAMEWORK_HEADER = YES;
				CLANG_WARN_RANGE_LOOP_ANALYSIS = YES;
				CLANG_WARN_STRICT_PROTOTYPES = YES;
				CLANG_WARN_SUSPICIOUS_MOVE = YES;
				CLANG_WARN_UNGUARDED_AVAILABILITY = YES_AGGRESSIVE;
				CLANG_WARN_UNREACHABLE_CODE = YES;
				CLANG_WARN__DUPLICATE_METHOD_MATCH = YES;
				COPY_PHASE_STRIP = NO;
				DEBUG_INFORMATION_FORMAT = "dwarf-with-dsym";
				ENABLE_NS_ASSERTIONS = NO;
				ENABLE_STRICT_OBJC_MSGSEND = YES;
				GCC_C_LANGUAGE_STANDARD = gnu11;
				GCC_NO_COMMON_BLOCKS = YES;
				GCC_WARN_64_TO_32_BIT_CONVERSION = YES;
				GCC_WARN_ABOUT_RETURN_TYPE = YES_ERROR;
				GCC_WARN_UNDECLARED_SELECTOR = YES;
				GCC_WARN_UNINITIALIZED_AUTOS = YES_AGGRESSIVE;
				GCC_WARN_UNUSED_FUNCTION = YES;
				GCC_WARN_UNUSED_VARIABLE = YES;
				IPHONEOS_DEPLOYMENT_TARGET = 16.0;
				MTL_ENABLE_DEBUG_INFO = NO;
				MTL_FAST_MATH = YES;
				SDKROOT = iphoneos;
				SWIFT_COMPILATION_MODE = wholemodule;
				SWIFT_OPTIMIZATION_LEVEL = "-O";
				VALIDATE_PRODUCT = YES;
			};
			name = Release;
		};
		EFF91D4928E974B500D11A60 /* Debug */ = {
			isa = XCBuildConfiguration;
			buildSettings = {
				ASSETCATALOG_COMPILER_APPICON_NAME = AppIcon;
				ASSETCATALOG_COMPILER_GLOBAL_ACCENT_COLOR_NAME = AccentColor;
				CODE_SIGN_STYLE = Automatic;
				CURRENT_PROJECT_VERSION = 1;
				DEVELOPMENT_ASSET_PATHS = "\"MedicalSystem/Preview Content\"";
				DEVELOPMENT_TEAM = XL6Q59VDPK;
				ENABLE_PREVIEWS = YES;
				GENERATE_INFOPLIST_FILE = YES;
				INFOPLIST_KEY_UIApplicationSceneManifest_Generation = YES;
				INFOPLIST_KEY_UIApplicationSupportsIndirectInputEvents = YES;
				INFOPLIST_KEY_UILaunchScreen_Generation = YES;
				INFOPLIST_KEY_UISupportedInterfaceOrientations_iPad = "UIInterfaceOrientationPortrait UIInterfaceOrientationPortraitUpsideDown UIInterfaceOrientationLandscapeLeft UIInterfaceOrientationLandscapeRight";
				INFOPLIST_KEY_UISupportedInterfaceOrientations_iPhone = "UIInterfaceOrientationPortrait UIInterfaceOrientationLandscapeLeft UIInterfaceOrientationLandscapeRight";
				LD_RUNPATH_SEARCH_PATHS = (
					"$(inherited)",
					"@executable_path/Frameworks",
				);
				MARKETING_VERSION = 1.0;
				PRODUCT_BUNDLE_IDENTIFIER = Test.test.MedicalSystem;
				PRODUCT_NAME = "$(TARGET_NAME)";
				SWIFT_EMIT_LOC_STRINGS = YES;
				SWIFT_VERSION = 5.0;
				TARGETED_DEVICE_FAMILY = "1,2";
			};
			name = Debug;
		};
		EFF91D4A28E974B500D11A60 /* Release */ = {
			isa = XCBuildConfiguration;
			buildSettings = {
				ASSETCATALOG_COMPILER_APPICON_NAME = AppIcon;
				ASSETCATALOG_COMPILER_GLOBAL_ACCENT_COLOR_NAME = AccentColor;
				CODE_SIGN_STYLE = Automatic;
				CURRENT_PROJECT_VERSION = 1;
				DEVELOPMENT_ASSET_PATHS = "\"MedicalSystem/Preview Content\"";
				DEVELOPMENT_TEAM = XL6Q59VDPK;
				ENABLE_PREVIEWS = YES;
				GENERATE_INFOPLIST_FILE = YES;
				INFOPLIST_KEY_UIApplicationSceneManifest_Generation = YES;
				INFOPLIST_KEY_UIApplicationSupportsIndirectInputEvents = YES;
				INFOPLIST_KEY_UILaunchScreen_Generation = YES;
				INFOPLIST_KEY_UISupportedInterfaceOrientations_iPad = "UIInterfaceOrientationPortrait UIInterfaceOrientationPortraitUpsideDown UIInterfaceOrientationLandscapeLeft UIInterfaceOrientationLandscapeRight";
				INFOPLIST_KEY_UISupportedInterfaceOrientations_iPhone = "UIInterfaceOrientationPortrait UIInterfaceOrientationLandscapeLeft UIInterfaceOrientationLandscapeRight";
				LD_RUNPATH_SEARCH_PATHS = (
					"$(inherited)",
					"@executable_path/Frameworks",
				);
				MARKETING_VERSION = 1.0;
				PRODUCT_BUNDLE_IDENTIFIER = Test.test.MedicalSystem;
				PRODUCT_NAME = "$(TARGET_NAME)";
				SWIFT_EMIT_LOC_STRINGS = YES;
				SWIFT_VERSION = 5.0;
				TARGETED_DEVICE_FAMILY = "1,2";
			};
			name = Release;
		};
/* End XCBuildConfiguration section */

/* Begin XCConfigurationList section */
		EFF91D3028E974B400D11A60 /* Build configuration list for PBXProject "MedicalSystem" */ = {
			isa = XCConfigurationList;
			buildConfigurations = (
				EFF91D4628E974B500D11A60 /* Debug */,
				EFF91D4728E974B500D11A60 /* Release */,
			);
			defaultConfigurationIsVisible = 0;
			defaultConfigurationName = Release;
		};
		EFF91D4828E974B500D11A60 /* Build configuration list for PBXNativeTarget "MedicalSystem" */ = {
			isa = XCConfigurationList;
			buildConfigurations = (
				EFF91D4928E974B500D11A60 /* Debug */,
				EFF91D4A28E974B500D11A60 /* Release */,
			);
			defaultConfigurationIsVisible = 0;
			defaultConfigurationName = Release;
		};
/* End XCConfigurationList section */

/* Begin XCVersionGroup section */
		EFF91D4328E974B500D11A60 /* MedicalSystem.xcdatamodeld */ = {
			isa = XCVersionGroup;
			children = (
				EFF91D4428E974B500D11A60 /* MedicalSystem.xcdatamodel */,
			);
			currentVersion = EFF91D4428E974B500D11A60 /* MedicalSystem.xcdatamodel */;
			path = MedicalSystem.xcdatamodeld;
			sourceTree = "<group>";
			versionGroupType = wrapper.xcdatamodel;
		};
/* End XCVersionGroup section */
	};
	rootObject = EFF91D2D28E974B400D11A60 /* Project object */;
}
